
Microsoft Visual Studio Solution File, Format Version 12.00
Project("{2150E333-8FDC-42A3-9474-1A3956D46DE8}") = "tests", "tests", "{66F4A591-FAE8-4838-8BA7-4ADE61DB68EC}"
EndProject
Project("{2150E333-8FDC-42A3-9474-1A3956D46DE8}") = "src", "src", "{B8F5E36E-48E8-41D6-A1DE-BB54585D0FD1}"
EndProject
Project("{2150E333-8FDC-42A3-9474-1A3956D46DE8}") = "RiotApiClient", "RiotApiClient", "{3E1F485D-36B4-43AD-BE32-9C0FC1C324A0}"
EndProject
Project("{FAE04EC0-301F-11D3-BF4B-00C04F79EFBC}") = "RiotApiClient", "server\RiotApiClient\RiotApiClient\RiotApiClient.csproj", "{49649FB4-1B66-4908-8238-B4FCCAA7346F}"
EndProject
Project("{FAE04EC0-301F-11D3-BF4B-00C04F79EFBC}") = "RiotApiClient.IntegrationTests", "server\RiotApiClient\RiotApiClient.IntegrationTests\RiotApiClient.IntegrationTests.csproj", "{68024A56-1FE9-403F-BDE1-4642ACF48F14}"
EndProject
Project("{FAE04EC0-301F-11D3-BF4B-00C04F79EFBC}") = "WardStatsTracker.Api", "server\src\WardStatsTracker.Api\WardStatsTracker.Api.csproj", "{91B2A688-D07E-4E76-B6C0-BDD8F8D60B8F}"
EndProject
Project("{FAE04EC0-301F-11D3-BF4B-00C04F79EFBC}") = "WardStatsTracker.Core", "server\src\WardStatsTracker.Core\WardStatsTracker.Core.csproj", "{B198B19B-E5BD-4687-B960-C1B0C31D8E5B}"
EndProject
Project("{FAE04EC0-301F-11D3-BF4B-00C04F79EFBC}") = "WardStatsTracker.Infrastructure", "server\src\WardStatsTracker.Infrastructure\WardStatsTracker.Infrastructure.csproj", "{6A448DC5-1FC2-4EB8-9F0F-CD268E7F6A33}"
EndProject
Project("{FAE04EC0-301F-11D3-BF4B-00C04F79EFBC}") = "WardStatsTracker.UnitTests", "server\tests\WardStatsTracker.UnitTests\WardStatsTracker.UnitTests.csproj", "{C71C09A9-95D5-4492-84A0-6C1CBD69383E}"
EndProject
Global
	GlobalSection(SolutionConfigurationPlatforms) = preSolution
		Debug|Any CPU = Debug|Any CPU
		Release|Any CPU = Release|Any CPU
	EndGlobalSection
	GlobalSection(ProjectConfigurationPlatforms) = postSolution
		{49649FB4-1B66-4908-8238-B4FCCAA7346F}.Debug|Any CPU.ActiveCfg = Debug|Any CPU
		{49649FB4-1B66-4908-8238-B4FCCAA7346F}.Debug|Any CPU.Build.0 = Debug|Any CPU
		{49649FB4-1B66-4908-8238-B4FCCAA7346F}.Release|Any CPU.ActiveCfg = Release|Any CPU
		{49649FB4-1B66-4908-8238-B4FCCAA7346F}.Release|Any CPU.Build.0 = Release|Any CPU
		{68024A56-1FE9-403F-BDE1-4642ACF48F14}.Debug|Any CPU.ActiveCfg = Debug|Any CPU
		{68024A56-1FE9-403F-BDE1-4642ACF48F14}.Debug|Any CPU.Build.0 = Debug|Any CPU
		{68024A56-1FE9-403F-BDE1-4642ACF48F14}.Release|Any CPU.ActiveCfg = Release|Any CPU
		{68024A56-1FE9-403F-BDE1-4642ACF48F14}.Release|Any CPU.Build.0 = Release|Any CPU
		{91B2A688-D07E-4E76-B6C0-BDD8F8D60B8F}.Debug|Any CPU.ActiveCfg = Debug|Any CPU
		{91B2A688-D07E-4E76-B6C0-BDD8F8D60B8F}.Debug|Any CPU.Build.0 = Debug|Any CPU
		{91B2A688-D07E-4E76-B6C0-BDD8F8D60B8F}.Release|Any CPU.ActiveCfg = Release|Any CPU
		{91B2A688-D07E-4E76-B6C0-BDD8F8D60B8F}.Release|Any CPU.Build.0 = Release|Any CPU
		{B198B19B-E5BD-4687-B960-C1B0C31D8E5B}.Debug|Any CPU.ActiveCfg = Debug|Any CPU
		{B198B19B-E5BD-4687-B960-C1B0C31D8E5B}.Debug|Any CPU.Build.0 = Debug|Any CPU
		{B198B19B-E5BD-4687-B960-C1B0C31D8E5B}.Release|Any CPU.ActiveCfg = Release|Any CPU
		{B198B19B-E5BD-4687-B960-C1B0C31D8E5B}.Release|Any CPU.Build.0 = Release|Any CPU
		{6A448DC5-1FC2-4EB8-9F0F-CD268E7F6A33}.Debug|Any CPU.ActiveCfg = Debug|Any CPU
		{6A448DC5-1FC2-4EB8-9F0F-CD268E7F6A33}.Debug|Any CPU.Build.0 = Debug|Any CPU
		{6A448DC5-1FC2-4EB8-9F0F-CD268E7F6A33}.Release|Any CPU.ActiveCfg = Release|Any CPU
		{6A448DC5-1FC2-4EB8-9F0F-CD268E7F6A33}.Release|Any CPU.Build.0 = Release|Any CPU
		{C71C09A9-95D5-4492-84A0-6C1CBD69383E}.Debug|Any CPU.ActiveCfg = Debug|Any CPU
		{C71C09A9-95D5-4492-84A0-6C1CBD69383E}.Debug|Any CPU.Build.0 = Debug|Any CPU
		{C71C09A9-95D5-4492-84A0-6C1CBD69383E}.Release|Any CPU.ActiveCfg = Release|Any CPU
		{C71C09A9-95D5-4492-84A0-6C1CBD69383E}.Release|Any CPU.Build.0 = Release|Any CPU
	EndGlobalSection
	GlobalSection(NestedProjects) = preSolution
		{49649FB4-1B66-4908-8238-B4FCCAA7346F} = {3E1F485D-36B4-43AD-BE32-9C0FC1C324A0}
		{68024A56-1FE9-403F-BDE1-4642ACF48F14} = {3E1F485D-36B4-43AD-BE32-9C0FC1C324A0}
		{91B2A688-D07E-4E76-B6C0-BDD8F8D60B8F} = {B8F5E36E-48E8-41D6-A1DE-BB54585D0FD1}
		{B198B19B-E5BD-4687-B960-C1B0C31D8E5B} = {B8F5E36E-48E8-41D6-A1DE-BB54585D0FD1}
		{6A448DC5-1FC2-4EB8-9F0F-CD268E7F6A33} = {B8F5E36E-48E8-41D6-A1DE-BB54585D0FD1}
		{C71C09A9-95D5-4492-84A0-6C1CBD69383E} = {66F4A591-FAE8-4838-8BA7-4ADE61DB68EC}
	EndGlobalSection
EndGlobal
