
Microsoft Visual Studio Solution File, Format Version 12.00
Project("{FAE04EC0-301F-11D3-BF4B-00C04F79EFBC}") = "RiotApiClient", "RiotApiClient\RiotApiClient\RiotApiClient.csproj", "{5FE2E56F-AABD-49BA-9EAB-99763051DDF8}"
EndProject
Project("{FAE04EC0-301F-11D3-BF4B-00C04F79EFBC}") = "RiotApiClient.IntegrationTests", "RiotApiClient\RiotApiClient.IntegrationTests\RiotApiClient.IntegrationTests.csproj", "{1DD2C509-D123-47AF-8CF2-103E2BF3B1DB}"
EndProject
Project("{2150E333-8FDC-42A3-9474-1A3956D46DE8}") = "tests", "tests", "{66F4A591-FAE8-4838-8BA7-4ADE61DB68EC}"
EndProject
Project("{FAE04EC0-301F-11D3-BF4B-00C04F79EFBC}") = "WardStatsTracker.UnitTests", "tests\WardStatsTracker.UnitTests\WardStatsTracker.UnitTests.csproj", "{A7D304E3-614E-4102-9718-BA110543AE9C}"
EndProject
Project("{2150E333-8FDC-42A3-9474-1A3956D46DE8}") = "src", "src", "{B8F5E36E-48E8-41D6-A1DE-BB54585D0FD1}"
EndProject
Project("{2150E333-8FDC-42A3-9474-1A3956D46DE8}") = "RiotApiClient", "RiotApiClient", "{3E1F485D-36B4-43AD-BE32-9C0FC1C324A0}"
EndProject
Project("{FAE04EC0-301F-11D3-BF4B-00C04F79EFBC}") = "WardStatsTracker.Api", "src\WardStatsTracker.Api\WardStatsTracker.Api.csproj", "{B9DAAA90-5F44-4760-905C-5CA2982B8761}"
EndProject
Project("{FAE04EC0-301F-11D3-BF4B-00C04F79EFBC}") = "WardStatsTracker.Core", "src\WardStatsTracker.Core\WardStatsTracker.Core.csproj", "{4ADC6E23-C583-4F3E-A7CA-415718D8DFAD}"
EndProject
Project("{FAE04EC0-301F-11D3-BF4B-00C04F79EFBC}") = "WardStatsTracker.Infrastructure", "src\WardStatsTracker.Infrastructure\WardStatsTracker.Infrastructure.csproj", "{9A42F3F5-1C4E-4ACE-A683-CD98EC636696}"
EndProject
Global
	GlobalSection(SolutionConfigurationPlatforms) = preSolution
		Debug|Any CPU = Debug|Any CPU
		Release|Any CPU = Release|Any CPU
	EndGlobalSection
	GlobalSection(ProjectConfigurationPlatforms) = postSolution
		{5FE2E56F-AABD-49BA-9EAB-99763051DDF8}.Debug|Any CPU.ActiveCfg = Debug|Any CPU
		{5FE2E56F-AABD-49BA-9EAB-99763051DDF8}.Debug|Any CPU.Build.0 = Debug|Any CPU
		{5FE2E56F-AABD-49BA-9EAB-99763051DDF8}.Release|Any CPU.ActiveCfg = Release|Any CPU
		{5FE2E56F-AABD-49BA-9EAB-99763051DDF8}.Release|Any CPU.Build.0 = Release|Any CPU
		{1DD2C509-D123-47AF-8CF2-103E2BF3B1DB}.Debug|Any CPU.ActiveCfg = Debug|Any CPU
		{1DD2C509-D123-47AF-8CF2-103E2BF3B1DB}.Debug|Any CPU.Build.0 = Debug|Any CPU
		{1DD2C509-D123-47AF-8CF2-103E2BF3B1DB}.Release|Any CPU.ActiveCfg = Release|Any CPU
		{1DD2C509-D123-47AF-8CF2-103E2BF3B1DB}.Release|Any CPU.Build.0 = Release|Any CPU
		{A7D304E3-614E-4102-9718-BA110543AE9C}.Debug|Any CPU.ActiveCfg = Debug|Any CPU
		{A7D304E3-614E-4102-9718-BA110543AE9C}.Debug|Any CPU.Build.0 = Debug|Any CPU
		{A7D304E3-614E-4102-9718-BA110543AE9C}.Release|Any CPU.ActiveCfg = Release|Any CPU
		{A7D304E3-614E-4102-9718-BA110543AE9C}.Release|Any CPU.Build.0 = Release|Any CPU
		{B9DAAA90-5F44-4760-905C-5CA2982B8761}.Debug|Any CPU.ActiveCfg = Debug|Any CPU
		{B9DAAA90-5F44-4760-905C-5CA2982B8761}.Debug|Any CPU.Build.0 = Debug|Any CPU
		{B9DAAA90-5F44-4760-905C-5CA2982B8761}.Release|Any CPU.ActiveCfg = Release|Any CPU
		{B9DAAA90-5F44-4760-905C-5CA2982B8761}.Release|Any CPU.Build.0 = Release|Any CPU
		{4ADC6E23-C583-4F3E-A7CA-415718D8DFAD}.Debug|Any CPU.ActiveCfg = Debug|Any CPU
		{4ADC6E23-C583-4F3E-A7CA-415718D8DFAD}.Debug|Any CPU.Build.0 = Debug|Any CPU
		{4ADC6E23-C583-4F3E-A7CA-415718D8DFAD}.Release|Any CPU.ActiveCfg = Release|Any CPU
		{4ADC6E23-C583-4F3E-A7CA-415718D8DFAD}.Release|Any CPU.Build.0 = Release|Any CPU
		{9A42F3F5-1C4E-4ACE-A683-CD98EC636696}.Debug|Any CPU.ActiveCfg = Debug|Any CPU
		{9A42F3F5-1C4E-4ACE-A683-CD98EC636696}.Debug|Any CPU.Build.0 = Debug|Any CPU
		{9A42F3F5-1C4E-4ACE-A683-CD98EC636696}.Release|Any CPU.ActiveCfg = Release|Any CPU
		{9A42F3F5-1C4E-4ACE-A683-CD98EC636696}.Release|Any CPU.Build.0 = Release|Any CPU
	EndGlobalSection
	GlobalSection(NestedProjects) = preSolution
		{A7D304E3-614E-4102-9718-BA110543AE9C} = {66F4A591-FAE8-4838-8BA7-4ADE61DB68EC}
		{5FE2E56F-AABD-49BA-9EAB-99763051DDF8} = {3E1F485D-36B4-43AD-BE32-9C0FC1C324A0}
		{1DD2C509-D123-47AF-8CF2-103E2BF3B1DB} = {3E1F485D-36B4-43AD-BE32-9C0FC1C324A0}
		{B9DAAA90-5F44-4760-905C-5CA2982B8761} = {B8F5E36E-48E8-41D6-A1DE-BB54585D0FD1}
		{4ADC6E23-C583-4F3E-A7CA-415718D8DFAD} = {B8F5E36E-48E8-41D6-A1DE-BB54585D0FD1}
		{9A42F3F5-1C4E-4ACE-A683-CD98EC636696} = {B8F5E36E-48E8-41D6-A1DE-BB54585D0FD1}
	EndGlobalSection
EndGlobal
