
Microsoft Visual Studio Solution File, Format Version 12.00
Project("{FAE04EC0-301F-11D3-BF4B-00C04F79EFBC}") = "RiotApiClient", "RiotApiClient\RiotApiClient\RiotApiClient.csproj", "{5FE2E56F-AABD-49BA-9EAB-99763051DDF8}"
EndProject
Project("{FAE04EC0-301F-11D3-BF4B-00C04F79EFBC}") = "RiotApiClient.IntegrationTests", "RiotApiClient\RiotApiClient.IntegrationTests\RiotApiClient.IntegrationTests.csproj", "{1DD2C509-D123-47AF-8CF2-103E2BF3B1DB}"
EndProject
Project("{FAE04EC0-301F-11D3-BF4B-00C04F79EFBC}") = "WardStatsTracker.Core", "WardStatsTracker.Core\WardStatsTracker.Core.csproj", "{B1859ED8-5686-4E70-B51B-F0E4B62A8801}"
EndProject
Project("{FAE04EC0-301F-11D3-BF4B-00C04F79EFBC}") = "WardStatsTracker.Infrastructure", "WardStatsTracker.Infrastructure\WardStatsTracker.Infrastructure.csproj", "{64928682-F982-4D99-A517-AD95ED02E718}"
EndProject
Project("{FAE04EC0-301F-11D3-BF4B-00C04F79EFBC}") = "WardStatsTracker.Api", "WardStatsTracker.Api\WardStatsTracker.Api.csproj", "{6AC86A76-59D0-4BDB-9124-0B5A90B2E36D}"
EndProject
Global
	GlobalSection(SolutionConfigurationPlatforms) = preSolution
		Debug|Any CPU = Debug|Any CPU
		Release|Any CPU = Release|Any CPU
	EndGlobalSection
	GlobalSection(ProjectConfigurationPlatforms) = postSolution
		{5FE2E56F-AABD-49BA-9EAB-99763051DDF8}.Debug|Any CPU.ActiveCfg = Debug|Any CPU
		{5FE2E56F-AABD-49BA-9EAB-99763051DDF8}.Debug|Any CPU.Build.0 = Debug|Any CPU
		{5FE2E56F-AABD-49BA-9EAB-99763051DDF8}.Release|Any CPU.ActiveCfg = Release|Any CPU
		{5FE2E56F-AABD-49BA-9EAB-99763051DDF8}.Release|Any CPU.Build.0 = Release|Any CPU
		{1DD2C509-D123-47AF-8CF2-103E2BF3B1DB}.Debug|Any CPU.ActiveCfg = Debug|Any CPU
		{1DD2C509-D123-47AF-8CF2-103E2BF3B1DB}.Debug|Any CPU.Build.0 = Debug|Any CPU
		{1DD2C509-D123-47AF-8CF2-103E2BF3B1DB}.Release|Any CPU.ActiveCfg = Release|Any CPU
		{1DD2C509-D123-47AF-8CF2-103E2BF3B1DB}.Release|Any CPU.Build.0 = Release|Any CPU
		{B1859ED8-5686-4E70-B51B-F0E4B62A8801}.Debug|Any CPU.ActiveCfg = Debug|Any CPU
		{B1859ED8-5686-4E70-B51B-F0E4B62A8801}.Debug|Any CPU.Build.0 = Debug|Any CPU
		{B1859ED8-5686-4E70-B51B-F0E4B62A8801}.Release|Any CPU.ActiveCfg = Release|Any CPU
		{B1859ED8-5686-4E70-B51B-F0E4B62A8801}.Release|Any CPU.Build.0 = Release|Any CPU
		{64928682-F982-4D99-A517-AD95ED02E718}.Debug|Any CPU.ActiveCfg = Debug|Any CPU
		{64928682-F982-4D99-A517-AD95ED02E718}.Debug|Any CPU.Build.0 = Debug|Any CPU
		{64928682-F982-4D99-A517-AD95ED02E718}.Release|Any CPU.ActiveCfg = Release|Any CPU
		{64928682-F982-4D99-A517-AD95ED02E718}.Release|Any CPU.Build.0 = Release|Any CPU
		{6AC86A76-59D0-4BDB-9124-0B5A90B2E36D}.Debug|Any CPU.ActiveCfg = Debug|Any CPU
		{6AC86A76-59D0-4BDB-9124-0B5A90B2E36D}.Debug|Any CPU.Build.0 = Debug|Any CPU
		{6AC86A76-59D0-4BDB-9124-0B5A90B2E36D}.Release|Any CPU.ActiveCfg = Release|Any CPU
		{6AC86A76-59D0-4BDB-9124-0B5A90B2E36D}.Release|Any CPU.Build.0 = Release|Any CPU
	EndGlobalSection
EndGlobal
